
Microsoft Visual Studio Solution File, Format Version 12.00
# Visual Studio Version 17
VisualStudioVersion = 17.14.36221.1 d17.14
MinimumVisualStudioVersion = 10.0.40219.1
Project("{FAE04EC0-301F-11D3-BF4B-00C04F79EFBC}") = "MHTMLToHTML", "MHTMLToHTML\MHTMLToHTML.csproj", "{DAA0158B-8E98-4B9A-B0B9-BCF82911EC01}"
EndProject
Global
	GlobalSection(SolutionConfigurationPlatforms) = preSolution
		Debug|Any CPU = Debug|Any CPU
		Release|Any CPU = Release|Any CPU
	EndGlobalSection
	GlobalSection(ProjectConfigurationPlatforms) = postSolution
		{DAA0158B-8E98-4B9A-B0B9-BCF82911EC01}.Debug|Any CPU.ActiveCfg = Debug|Any CPU
		{DAA0158B-8E98-4B9A-B0B9-BCF82911EC01}.Debug|Any CPU.Build.0 = Debug|Any CPU
		{DAA0158B-8E98-4B9A-B0B9-BCF82911EC01}.Release|Any CPU.ActiveCfg = Release|Any CPU
		{DAA0158B-8E98-4B9A-B0B9-BCF82911EC01}.Release|Any CPU.Build.0 = Release|Any CPU
	EndGlobalSection
	GlobalSection(SolutionProperties) = preSolution
		HideSolutionNode = FALSE
	EndGlobalSection
	GlobalSection(ExtensibilityGlobals) = postSolution
		SolutionGuid = {E6D3471C-B52B-4646-9501-BE917DE147C5}
	EndGlobalSection
EndGlobal
